
Microsoft Visual Studio Solution File, Format Version 12.00
# Visual Studio Version 16
VisualStudioVersion = 16.0.30611.23
MinimumVisualStudioVersion = 10.0.40219.1
Project("{FAE04EC0-301F-11D3-BF4B-00C04F79EFBC}") = "Wordle", "Wordle\Wordle.csproj", "{43A19F71-33FC-4F87-93DA-EAC913E7976F}"
EndProject
Global
	GlobalSection(SolutionConfigurationPlatforms) = preSolution
		Debug|Any CPU = Debug|Any CPU
		Release|Any CPU = Release|Any CPU
	EndGlobalSection
	GlobalSection(ProjectConfigurationPlatforms) = postSolution
		{43A19F71-33FC-4F87-93DA-EAC913E7976F}.Debug|Any CPU.ActiveCfg = Debug|Any CPU
		{43A19F71-33FC-4F87-93DA-EAC913E7976F}.Debug|Any CPU.Build.0 = Debug|Any CPU
		{43A19F71-33FC-4F87-93DA-EAC913E7976F}.Release|Any CPU.ActiveCfg = Release|Any CPU
		{43A19F71-33FC-4F87-93DA-EAC913E7976F}.Release|Any CPU.Build.0 = Release|Any CPU
	EndGlobalSection
	GlobalSection(SolutionProperties) = preSolution
		HideSolutionNode = FALSE
	EndGlobalSection
	GlobalSection(ExtensibilityGlobals) = postSolution
		SolutionGuid = {52128703-6618-4B38-998C-5800D58422FA}
	EndGlobalSection
EndGlobal
